
Microsoft Visual Studio Solution File, Format Version 12.00
# Visual Studio 15
VisualStudioVersion = 15.0.26228.4
MinimumVisualStudioVersion = 10.0.40219.1
Project("{FAE04EC0-301F-11D3-BF4B-00C04F79EFBC}") = "HiWeb", "HiWeb\HiWeb.csproj", "{772349B9-997B-478C-A8F0-E91AD28A79A4}"
EndProject
Project("{FAE04EC0-301F-11D3-BF4B-00C04F79EFBC}") = "HiWeb.Tests", "HiWeb.Tests\HiWeb.Tests.csproj", "{EF2F38B9-2299-4071-8D42-64C25BB758DD}"
EndProject
Project("{E53339B2-1760-4266-BCC7-CA923CBCF16C}") = "docker-compose", "docker-compose.dcproj", "{87080AC6-D095-47E8-A763-48A3633F5E7A}"
EndProject
Global
	GlobalSection(SolutionConfigurationPlatforms) = preSolution
		Debug|Any CPU = Debug|Any CPU
		Release|Any CPU = Release|Any CPU
	EndGlobalSection
	GlobalSection(ProjectConfigurationPlatforms) = postSolution
		{772349B9-997B-478C-A8F0-E91AD28A79A4}.Debug|Any CPU.ActiveCfg = Debug|Any CPU
		{772349B9-997B-478C-A8F0-E91AD28A79A4}.Debug|Any CPU.Build.0 = Debug|Any CPU
		{772349B9-997B-478C-A8F0-E91AD28A79A4}.Release|Any CPU.ActiveCfg = Release|Any CPU
		{772349B9-997B-478C-A8F0-E91AD28A79A4}.Release|Any CPU.Build.0 = Release|Any CPU
		{EF2F38B9-2299-4071-8D42-64C25BB758DD}.Debug|Any CPU.ActiveCfg = Debug|Any CPU
		{EF2F38B9-2299-4071-8D42-64C25BB758DD}.Debug|Any CPU.Build.0 = Debug|Any CPU
		{EF2F38B9-2299-4071-8D42-64C25BB758DD}.Release|Any CPU.ActiveCfg = Release|Any CPU
		{EF2F38B9-2299-4071-8D42-64C25BB758DD}.Release|Any CPU.Build.0 = Release|Any CPU
		{87080AC6-D095-47E8-A763-48A3633F5E7A}.Debug|Any CPU.ActiveCfg = Debug|Any CPU
		{87080AC6-D095-47E8-A763-48A3633F5E7A}.Debug|Any CPU.Build.0 = Debug|Any CPU
		{87080AC6-D095-47E8-A763-48A3633F5E7A}.Release|Any CPU.ActiveCfg = Release|Any CPU
		{87080AC6-D095-47E8-A763-48A3633F5E7A}.Release|Any CPU.Build.0 = Release|Any CPU
	EndGlobalSection
	GlobalSection(SolutionProperties) = preSolution
		HideSolutionNode = FALSE
	EndGlobalSection
EndGlobal
